{
    "_readme": [
        "This file locks the dependencies of your project to a known state",
        "Read more about it at https://getcomposer.org/doc/01-basic-usage.md#installing-dependencies",
        "This file is @generated automatically"
    ],
    "content-hash": "0bfc70f05db80617edf88c0ff6c64ba3",
    "packages": [
        {
            "name": "aura/sqlquery",
            "version": "3.x-dev",
            "source": {
                "type": "git",
                "url": "https://github.com/auraphp/Aura.SqlQuery.git",
                "reference": "265abd3e84d2715b1bcaa23e08b725213b77ba9b"
            },
            "dist": {
                "type": "zip",
                "url": "https://api.github.com/repos/auraphp/Aura.SqlQuery/zipball/265abd3e84d2715b1bcaa23e08b725213b77ba9b",
                "reference": "265abd3e84d2715b1bcaa23e08b725213b77ba9b",
                "shasum": ""
            },
            "require": {
                "php": ">=5.6"
            },
            "require-dev": {
                "ext-pdo_sqlite": "*",
                "yoast/phpunit-polyfills": "^1.0"
            },
            "suggest": {
                "aura/sql": "Provides an extension to the native PDO along with a profiler and connection locator."
            },
            "default-branch": true,
            "type": "library",
            "autoload": {
                "psr-4": {
                    "Aura\\SqlQuery\\": "src/"
                }
            },
            "notification-url": "https://packagist.org/downloads/",
            "license": [
                "MIT"
            ],
            "authors": [
                {
                    "name": "Aura.SqlQuery Contributors",
                    "homepage": "https://github.com/auraphp/Aura.SqlQuery/contributors"
                }
            ],
            "description": "Object-oriented query builders for MySQL, Postgres, SQLite, and SQLServer; can be used with any database connection library.",
            "homepage": "https://github.com/auraphp/Aura.SqlQuery",
            "keywords": [
                "database",
                "db",
                "delete",
                "dml",
                "insert",
                "mysql",
                "pdo",
                "pgsql",
                "postgres",
                "postgresql",
                "query",
                "select",
                "sql",
                "sql server",
                "sqlite",
                "sqlserver",
                "update"
            ],
            "support": {
                "issues": "https://github.com/auraphp/Aura.SqlQuery/issues",
                "source": "https://github.com/auraphp/Aura.SqlQuery/tree/3.x"
            },
            "time": "2022-12-12T05:15:24+00:00"
        }
    ],
    "packages-dev": [
        {
            "name": "hi/http",
            "version": "0.0.21",
            "source": {
                "type": "git",
                "url": "https://github.com/hi-frameork/http.git",
                "reference": "914b6a024df66e47aa817c3a978b01619e982f6e"
            },
            "dist": {
                "type": "zip",
                "url": "https://api.github.com/repos/hi-frameork/http/zipball/914b6a024df66e47aa817c3a978b01619e982f6e",
                "reference": "914b6a024df66e47aa817c3a978b01619e982f6e",
                "shasum": ""
            },
            "require": {
                "hi/server": "^0.0",
                "php": ">=7.4",
                "psr/http-message": "^1.0"
            },
            "require-dev": {
                "friendsofphp/php-cs-fixer": "^3.11",
                "phpunit/phpunit": "^9.5",
                "swoole/ide-helper": "^4",
                "vimeo/psalm": "^4.26"
            },
            "type": "library",
            "autoload": {
                "psr-4": {
                    "Hi\\": "src/"
                }
            },
            "notification-url": "https://packagist.org/downloads/",
            "license": [
                "MIT"
            ],
            "authors": [
                {
                    "name": "Anoxia",
                    "email": "anoxia@engineer.com"
                }
            ],
            "description": "Hi 框架 HTTP 组件",
            "support": {
                "issues": "https://github.com/hi-frameork/http/issues",
                "source": "https://github.com/hi-frameork/http/tree/0.0.21"
            },
            "time": "2023-02-12T15:44:11+00:00"
        },
        {
            "name": "hi/server",
            "version": "0.0.4",
            "source": {
                "type": "git",
                "url": "https://github.com/hi-frameork/server.git",
                "reference": "233b4d0dfbf000f5687d29e38e1a73c037ea9955"
            },
            "dist": {
                "type": "zip",
                "url": "https://api.github.com/repos/hi-frameork/server/zipball/233b4d0dfbf000f5687d29e38e1a73c037ea9955",
                "reference": "233b4d0dfbf000f5687d29e38e1a73c037ea9955",
                "shasum": ""
            },
            "require": {
                "php": ">=7.4"
            },
            "require-dev": {
                "friendsofphp/php-cs-fixer": "^3.11",
                "phpstan/phpstan": "^1.8",
                "phpunit/phpunit": "^9.5",
                "swoole/ide-helper": "4.8",
                "workerman/workerman": "^4.0"
            },
            "suggest": {
                "ext-soole": "Coroutine-based concurrency library for PHP"
            },
            "type": "library",
            "autoload": {
                "psr-4": {
                    "Hi\\": "src/"
                }
            },
            "notification-url": "https://packagist.org/downloads/",
            "license": [
                "MIT"
            ],
            "authors": [
                {
                    "name": "russell",
                    "email": "anoxia@engineer.com"
                }
            ],
            "description": "Hi 框架组件，提供 Server 基础抽象能力",
            "support": {
                "issues": "https://github.com/hi-frameork/server/issues",
                "source": "https://github.com/hi-frameork/server/tree/0.0.4"
            },
            "time": "2022-10-03T16:55:41+00:00"
        },
        {
            "name": "psr/http-message",
            "version": "1.0.1",
            "source": {
                "type": "git",
                "url": "https://github.com/php-fig/http-message.git",
                "reference": "f6561bf28d520154e4b0ec72be95418abe6d9363"
            },
            "dist": {
                "type": "zip",
                "url": "https://api.github.com/repos/php-fig/http-message/zipball/f6561bf28d520154e4b0ec72be95418abe6d9363",
                "reference": "f6561bf28d520154e4b0ec72be95418abe6d9363",
                "shasum": ""
            },
            "require": {
                "php": ">=5.3.0"
            },
            "type": "library",
            "extra": {
                "branch-alias": {
                    "dev-master": "1.0.x-dev"
                }
            },
            "autoload": {
                "psr-4": {
                    "Psr\\Http\\Message\\": "src/"
                }
            },
            "notification-url": "https://packagist.org/downloads/",
            "license": [
                "MIT"
            ],
            "authors": [
                {
                    "name": "PHP-FIG",
                    "homepage": "http://www.php-fig.org/"
                }
            ],
            "description": "Common interface for HTTP messages",
            "homepage": "https://github.com/php-fig/http-message",
            "keywords": [
                "http",
                "http-message",
                "psr",
                "psr-7",
                "request",
                "response"
            ],
            "support": {
                "source": "https://github.com/php-fig/http-message/tree/master"
            },
            "time": "2016-08-06T14:39:51+00:00"
        }
    ],
    "aliases": [],
    "minimum-stability": "stable",
    "stability-flags": {
        "aura/sqlquery": 20
    },
    "prefer-stable": false,
    "prefer-lowest": false,
    "platform": [],
    "platform-dev": [],
    "plugin-api-version": "2.3.0"
}
