{
    "_readme": [
        "This file locks the dependencies of your project to a known state",
        "Read more about it at https://getcomposer.org/doc/01-basic-usage.md#installing-dependencies",
        "This file is @generated automatically"
    ],
    "content-hash": "6179c6467a0ed9484e3214743ee0e31e",
    "packages": [
        {
            "name": "aura/sqlquery",
            "version": "3.x-dev",
            "source": {
                "type": "git",
                "url": "https://github.com/auraphp/Aura.SqlQuery.git",
                "reference": "265abd3e84d2715b1bcaa23e08b725213b77ba9b"
            },
            "dist": {
                "type": "zip",
                "url": "https://api.github.com/repos/auraphp/Aura.SqlQuery/zipball/265abd3e84d2715b1bcaa23e08b725213b77ba9b",
                "reference": "265abd3e84d2715b1bcaa23e08b725213b77ba9b",
                "shasum": ""
            },
            "require": {
                "php": ">=5.6"
            },
            "require-dev": {
                "ext-pdo_sqlite": "*",
                "yoast/phpunit-polyfills": "^1.0"
            },
            "suggest": {
                "aura/sql": "Provides an extension to the native PDO along with a profiler and connection locator."
            },
            "default-branch": true,
            "type": "library",
            "autoload": {
                "psr-4": {
                    "Aura\\SqlQuery\\": "src/"
                }
            },
            "notification-url": "https://packagist.org/downloads/",
            "license": [
                "MIT"
            ],
            "authors": [
                {
                    "name": "Aura.SqlQuery Contributors",
                    "homepage": "https://github.com/auraphp/Aura.SqlQuery/contributors"
                }
            ],
            "description": "Object-oriented query builders for MySQL, Postgres, SQLite, and SQLServer; can be used with any database connection library.",
            "homepage": "https://github.com/auraphp/Aura.SqlQuery",
            "keywords": [
                "database",
                "db",
                "delete",
                "dml",
                "insert",
                "mysql",
                "pdo",
                "pgsql",
                "postgres",
                "postgresql",
                "query",
                "select",
                "sql",
                "sql server",
                "sqlite",
                "sqlserver",
                "update"
            ],
            "support": {
                "issues": "https://github.com/auraphp/Aura.SqlQuery/issues",
                "source": "https://github.com/auraphp/Aura.SqlQuery/tree/3.x"
            },
            "time": "2022-12-12T05:15:24+00:00"
        }
    ],
    "packages-dev": [
        {
            "name": "alecrabbit/php-cli-tools",
            "version": "0.6.0",
            "source": {
                "type": "git",
                "url": "https://github.com/alecrabbit/php-cli-tools.git",
                "reference": "962a6c4396a18081efe08561dd76bacdd4e3163b"
            },
            "dist": {
                "type": "zip",
                "url": "https://api.github.com/repos/alecrabbit/php-cli-tools/zipball/962a6c4396a18081efe08561dd76bacdd4e3163b",
                "reference": "962a6c4396a18081efe08561dd76bacdd4e3163b",
                "shasum": ""
            },
            "require": {
                "php": ">=7.2"
            },
            "require-dev": {
                "alecrabbit/php-helpers": "^0.7 || ^0.8 ",
                "nunomaduro/collision": "^3.0",
                "phpunit/phpunit": "^8.0",
                "symfony/var-dumper": "^4.2"
            },
            "type": "library",
            "autoload": {
                "files": [
                    "src/bootstrap.php"
                ],
                "psr-4": {
                    "AlecRabbit\\Cli\\": "src\\Cli"
                }
            },
            "notification-url": "https://packagist.org/downloads/",
            "license": [
                "MIT"
            ],
            "description": "CLI tools for php.",
            "keywords": [
                "ansi",
                "cli",
                "console",
                "control",
                "height",
                "terminal",
                "title",
                "width"
            ],
            "support": {
                "issues": "https://github.com/alecrabbit/php-cli-tools/issues",
                "source": "https://github.com/alecrabbit/php-cli-tools/tree/develop"
            },
            "time": "2019-11-01T12:16:39+00:00"
        },
        {
            "name": "alecrabbit/php-console-colour",
            "version": "0.10.1",
            "source": {
                "type": "git",
                "url": "https://github.com/alecrabbit/php-console-colour.git",
                "reference": "f82a0933f1699c51aa0842475f6e09b0d519071d"
            },
            "dist": {
                "type": "zip",
                "url": "https://api.github.com/repos/alecrabbit/php-console-colour/zipball/f82a0933f1699c51aa0842475f6e09b0d519071d",
                "reference": "f82a0933f1699c51aa0842475f6e09b0d519071d",
                "shasum": ""
            },
            "require": {
                "alecrabbit/php-cli-tools": "^0.6",
                "php": ">=7.2"
            },
            "require-dev": {
                "alecrabbit/php-helpers": "^0.8",
                "nunomaduro/collision": "^4.2",
                "phpunit/phpunit": "^8.5",
                "symfony/var-dumper": "^5.0"
            },
            "type": "library",
            "autoload": {
                "psr-4": {
                    "AlecRabbit\\": "src"
                }
            },
            "notification-url": "https://packagist.org/downloads/",
            "license": [
                "MIT"
            ],
            "description": "Helps to do colored console output.",
            "keywords": [
                "ansi",
                "color",
                "colour",
                "console",
                "height",
                "output",
                "terminal",
                "width"
            ],
            "support": {
                "issues": "https://github.com/alecrabbit/php-console-colour/issues",
                "source": "https://github.com/alecrabbit/php-console-colour/tree/0.10.1"
            },
            "funding": [
                {
                    "url": "https://www.patreon.com/alecrabbit",
                    "type": "patreon"
                }
            ],
            "time": "2021-07-30T08:19:31+00:00"
        },
        {
            "name": "hi/http",
            "version": "0.0.21",
            "source": {
                "type": "git",
                "url": "https://github.com/hi-frameork/http.git",
                "reference": "914b6a024df66e47aa817c3a978b01619e982f6e"
            },
            "dist": {
                "type": "zip",
                "url": "https://api.github.com/repos/hi-frameork/http/zipball/914b6a024df66e47aa817c3a978b01619e982f6e",
                "reference": "914b6a024df66e47aa817c3a978b01619e982f6e",
                "shasum": ""
            },
            "require": {
                "hi/server": "^0.0",
                "php": ">=7.4",
                "psr/http-message": "^1.0"
            },
            "require-dev": {
                "friendsofphp/php-cs-fixer": "^3.11",
                "phpunit/phpunit": "^9.5",
                "swoole/ide-helper": "^4",
                "vimeo/psalm": "^4.26"
            },
            "type": "library",
            "autoload": {
                "psr-4": {
                    "Hi\\": "src/"
                }
            },
            "notification-url": "https://packagist.org/downloads/",
            "license": [
                "MIT"
            ],
            "authors": [
                {
                    "name": "Anoxia",
                    "email": "anoxia@engineer.com"
                }
            ],
            "description": "Hi 框架 HTTP 组件",
            "support": {
                "issues": "https://github.com/hi-frameork/http/issues",
                "source": "https://github.com/hi-frameork/http/tree/0.0.21"
            },
            "time": "2023-02-12T15:44:11+00:00"
        },
        {
            "name": "hi/kernel",
            "version": "0.0.11",
            "source": {
                "type": "git",
                "url": "https://github.com/hi-frameork/kernel.git",
                "reference": "d9447467ef427f10fc13ae98c34060f25cbaa33c"
            },
            "dist": {
                "type": "zip",
                "url": "https://api.github.com/repos/hi-frameork/kernel/zipball/d9447467ef427f10fc13ae98c34060f25cbaa33c",
                "reference": "d9447467ef427f10fc13ae98c34060f25cbaa33c",
                "shasum": ""
            },
            "require": {
                "alecrabbit/php-console-colour": "^0.10.1",
                "php": ">=7.4",
                "psr/container": "^2.0"
            },
            "require-dev": {
                "friendsofphp/php-cs-fixer": "^3.11",
                "phpunit/phpunit": "^9.5",
                "sempro/phpunit-pretty-print": "^1.4",
                "vimeo/psalm": "^4.27"
            },
            "type": "library",
            "autoload": {
                "files": [
                    "functions.php"
                ],
                "psr-4": {
                    "Hi\\": "src/"
                }
            },
            "notification-url": "https://packagist.org/downloads/",
            "license": [
                "MIT"
            ],
            "support": {
                "issues": "https://github.com/hi-frameork/kernel/issues",
                "source": "https://github.com/hi-frameork/kernel/tree/0.0.11"
            },
            "time": "2023-02-16T10:30:56+00:00"
        },
        {
            "name": "hi/server",
            "version": "0.0.4",
            "source": {
                "type": "git",
                "url": "https://github.com/hi-frameork/server.git",
                "reference": "233b4d0dfbf000f5687d29e38e1a73c037ea9955"
            },
            "dist": {
                "type": "zip",
                "url": "https://api.github.com/repos/hi-frameork/server/zipball/233b4d0dfbf000f5687d29e38e1a73c037ea9955",
                "reference": "233b4d0dfbf000f5687d29e38e1a73c037ea9955",
                "shasum": ""
            },
            "require": {
                "php": ">=7.4"
            },
            "require-dev": {
                "friendsofphp/php-cs-fixer": "^3.11",
                "phpstan/phpstan": "^1.8",
                "phpunit/phpunit": "^9.5",
                "swoole/ide-helper": "4.8",
                "workerman/workerman": "^4.0"
            },
            "suggest": {
                "ext-soole": "Coroutine-based concurrency library for PHP"
            },
            "type": "library",
            "autoload": {
                "psr-4": {
                    "Hi\\": "src/"
                }
            },
            "notification-url": "https://packagist.org/downloads/",
            "license": [
                "MIT"
            ],
            "authors": [
                {
                    "name": "russell",
                    "email": "anoxia@engineer.com"
                }
            ],
            "description": "Hi 框架组件，提供 Server 基础抽象能力",
            "support": {
                "issues": "https://github.com/hi-frameork/server/issues",
                "source": "https://github.com/hi-frameork/server/tree/0.0.4"
            },
            "time": "2022-10-03T16:55:41+00:00"
        },
        {
            "name": "psr/container",
            "version": "2.0.2",
            "source": {
                "type": "git",
                "url": "https://github.com/php-fig/container.git",
                "reference": "c71ecc56dfe541dbd90c5360474fbc405f8d5963"
            },
            "dist": {
                "type": "zip",
                "url": "https://api.github.com/repos/php-fig/container/zipball/c71ecc56dfe541dbd90c5360474fbc405f8d5963",
                "reference": "c71ecc56dfe541dbd90c5360474fbc405f8d5963",
                "shasum": ""
            },
            "require": {
                "php": ">=7.4.0"
            },
            "type": "library",
            "extra": {
                "branch-alias": {
                    "dev-master": "2.0.x-dev"
                }
            },
            "autoload": {
                "psr-4": {
                    "Psr\\Container\\": "src/"
                }
            },
            "notification-url": "https://packagist.org/downloads/",
            "license": [
                "MIT"
            ],
            "authors": [
                {
                    "name": "PHP-FIG",
                    "homepage": "https://www.php-fig.org/"
                }
            ],
            "description": "Common Container Interface (PHP FIG PSR-11)",
            "homepage": "https://github.com/php-fig/container",
            "keywords": [
                "PSR-11",
                "container",
                "container-interface",
                "container-interop",
                "psr"
            ],
            "support": {
                "issues": "https://github.com/php-fig/container/issues",
                "source": "https://github.com/php-fig/container/tree/2.0.2"
            },
            "time": "2021-11-05T16:47:00+00:00"
        },
        {
            "name": "psr/http-message",
            "version": "1.0.1",
            "source": {
                "type": "git",
                "url": "https://github.com/php-fig/http-message.git",
                "reference": "f6561bf28d520154e4b0ec72be95418abe6d9363"
            },
            "dist": {
                "type": "zip",
                "url": "https://api.github.com/repos/php-fig/http-message/zipball/f6561bf28d520154e4b0ec72be95418abe6d9363",
                "reference": "f6561bf28d520154e4b0ec72be95418abe6d9363",
                "shasum": ""
            },
            "require": {
                "php": ">=5.3.0"
            },
            "type": "library",
            "extra": {
                "branch-alias": {
                    "dev-master": "1.0.x-dev"
                }
            },
            "autoload": {
                "psr-4": {
                    "Psr\\Http\\Message\\": "src/"
                }
            },
            "notification-url": "https://packagist.org/downloads/",
            "license": [
                "MIT"
            ],
            "authors": [
                {
                    "name": "PHP-FIG",
                    "homepage": "http://www.php-fig.org/"
                }
            ],
            "description": "Common interface for HTTP messages",
            "homepage": "https://github.com/php-fig/http-message",
            "keywords": [
                "http",
                "http-message",
                "psr",
                "psr-7",
                "request",
                "response"
            ],
            "support": {
                "source": "https://github.com/php-fig/http-message/tree/master"
            },
            "time": "2016-08-06T14:39:51+00:00"
        }
    ],
    "aliases": [],
    "minimum-stability": "stable",
    "stability-flags": {
        "aura/sqlquery": 20
    },
    "prefer-stable": false,
    "prefer-lowest": false,
    "platform": [],
    "platform-dev": [],
    "plugin-api-version": "2.3.0"
}
